// !$*UTF8*$!
{
	archiveVersion = 1;
	classes = {
	};
	objectVersion = 50;
	objects = {

/* Begin PBXBuildFile section */
		777900C226E023DF007C21F2 /* TVMazeAppApp.swift in Sources */ = {isa = PBXBuildFile; fileRef = 777900C126E023DF007C21F2 /* TVMazeAppApp.swift */; };
		777900C426E023DF007C21F2 /* ContentView.swift in Sources */ = {isa = PBXBuildFile; fileRef = 777900C326E023DF007C21F2 /* ContentView.swift */; };
		777900C626E023E2007C21F2 /* Assets.xcassets in Resources */ = {isa = PBXBuildFile; fileRef = 777900C526E023E2007C21F2 /* Assets.xcassets */; };
		777900C926E023E2007C21F2 /* Preview Assets.xcassets in Resources */ = {isa = PBXBuildFile; fileRef = 777900C826E023E2007C21F2 /* Preview Assets.xcassets */; };
		777900D426E023E2007C21F2 /* TVMazeAppTests.swift in Sources */ = {isa = PBXBuildFile; fileRef = 777900D326E023E2007C21F2 /* TVMazeAppTests.swift */; };
		777900DF26E023E2007C21F2 /* TVMazeAppUITests.swift in Sources */ = {isa = PBXBuildFile; fileRef = 777900DE26E023E2007C21F2 /* TVMazeAppUITests.swift */; };
		777900EF26E025D6007C21F2 /* ModelTests.swift in Sources */ = {isa = PBXBuildFile; fileRef = 777900EE26E025D6007C21F2 /* ModelTests.swift */; };
		777900F326E025F1007C21F2 /* Model.swift in Sources */ = {isa = PBXBuildFile; fileRef = 777900F226E025F1007C21F2 /* Model.swift */; };
/* End PBXBuildFile section */

/* Begin PBXContainerItemProxy section */
		777900D026E023E2007C21F2 /* PBXContainerItemProxy */ = {
			isa = PBXContainerItemProxy;
			containerPortal = 777900B626E023DF007C21F2 /* Project object */;
			proxyType = 1;
			remoteGlobalIDString = 777900BD26E023DF007C21F2;
			remoteInfo = TVMazeApp;
		};
		777900DB26E023E2007C21F2 /* PBXContainerItemProxy */ = {
			isa = PBXContainerItemProxy;
			containerPortal = 777900B626E023DF007C21F2 /* Project object */;
			proxyType = 1;
			remoteGlobalIDString = 777900BD26E023DF007C21F2;
			remoteInfo = TVMazeApp;
		};
/* End PBXContainerItemProxy section */

/* Begin PBXFileReference section */
		777900BE26E023DF007C21F2 /* TVMazeApp.app */ = {isa = PBXFileReference; explicitFileType = wrapper.application; includeInIndex = 0; path = TVMazeApp.app; sourceTree = BUILT_PRODUCTS_DIR; };
		777900C126E023DF007C21F2 /* TVMazeAppApp.swift */ = {isa = PBXFileReference; lastKnownFileType = sourcecode.swift; path = TVMazeAppApp.swift; sourceTree = "<group>"; };
		777900C326E023DF007C21F2 /* ContentView.swift */ = {isa = PBXFileReference; lastKnownFileType = sourcecode.swift; path = ContentView.swift; sourceTree = "<group>"; };
		777900C526E023E2007C21F2 /* Assets.xcassets */ = {isa = PBXFileReference; lastKnownFileType = folder.assetcatalog; path = Assets.xcassets; sourceTree = "<group>"; };
		777900C826E023E2007C21F2 /* Preview Assets.xcassets */ = {isa = PBXFileReference; lastKnownFileType = folder.assetcatalog; path = "Preview Assets.xcassets"; sourceTree = "<group>"; };
		777900CA26E023E2007C21F2 /* Info.plist */ = {isa = PBXFileReference; lastKnownFileType = text.plist.xml; path = Info.plist; sourceTree = "<group>"; };
		777900CF26E023E2007C21F2 /* TVMazeAppTests.xctest */ = {isa = PBXFileReference; explicitFileType = wrapper.cfbundle; includeInIndex = 0; path = TVMazeAppTests.xctest; sourceTree = BUILT_PRODUCTS_DIR; };
		777900D326E023E2007C21F2 /* TVMazeAppTests.swift */ = {isa = PBXFileReference; lastKnownFileType = sourcecode.swift; path = TVMazeAppTests.swift; sourceTree = "<group>"; };
		777900D526E023E2007C21F2 /* Info.plist */ = {isa = PBXFileReference; lastKnownFileType = text.plist.xml; path = Info.plist; sourceTree = "<group>"; };
		777900DA26E023E2007C21F2 /* TVMazeAppUITests.xctest */ = {isa = PBXFileReference; explicitFileType = wrapper.cfbundle; includeInIndex = 0; path = TVMazeAppUITests.xctest; sourceTree = BUILT_PRODUCTS_DIR; };
		777900DE26E023E2007C21F2 /* TVMazeAppUITests.swift */ = {isa = PBXFileReference; lastKnownFileType = sourcecode.swift; path = TVMazeAppUITests.swift; sourceTree = "<group>"; };
		777900E026E023E2007C21F2 /* Info.plist */ = {isa = PBXFileReference; lastKnownFileType = text.plist.xml; path = Info.plist; sourceTree = "<group>"; };
		777900EE26E025D6007C21F2 /* ModelTests.swift */ = {isa = PBXFileReference; fileEncoding = 4; lastKnownFileType = sourcecode.swift; path = ModelTests.swift; sourceTree = "<group>"; };
		777900F226E025F1007C21F2 /* Model.swift */ = {isa = PBXFileReference; fileEncoding = 4; lastKnownFileType = sourcecode.swift; path = Model.swift; sourceTree = "<group>"; };
/* End PBXFileReference section */

/* Begin PBXFrameworksBuildPhase section */
		777900BB26E023DF007C21F2 /* Frameworks */ = {
			isa = PBXFrameworksBuildPhase;
			buildActionMask = 2147483647;
			files = (
			);
			runOnlyForDeploymentPostprocessing = 0;
		};
		777900CC26E023E2007C21F2 /* Frameworks */ = {
			isa = PBXFrameworksBuildPhase;
			buildActionMask = 2147483647;
			files = (
			);
			runOnlyForDeploymentPostprocessing = 0;
		};
		777900D726E023E2007C21F2 /* Frameworks */ = {
			isa = PBXFrameworksBuildPhase;
			buildActionMask = 2147483647;
			files = (
			);
			runOnlyForDeploymentPostprocessing = 0;
		};
/* End PBXFrameworksBuildPhase section */

/* Begin PBXGroup section */
		777900B526E023DF007C21F2 = {
			isa = PBXGroup;
			children = (
				777900C026E023DF007C21F2 /* TVMazeApp */,
				777900D226E023E2007C21F2 /* TVMazeAppTests */,
				777900DD26E023E2007C21F2 /* TVMazeAppUITests */,
				777900BF26E023DF007C21F2 /* Products */,
			);
			sourceTree = "<group>";
		};
		777900BF26E023DF007C21F2 /* Products */ = {
			isa = PBXGroup;
			children = (
				777900BE26E023DF007C21F2 /* TVMazeApp.app */,
				777900CF26E023E2007C21F2 /* TVMazeAppTests.xctest */,
				777900DA26E023E2007C21F2 /* TVMazeAppUITests.xctest */,
			);
			name = Products;
			sourceTree = "<group>";
		};
		777900C026E023DF007C21F2 /* TVMazeApp */ = {
			isa = PBXGroup;
			children = (
				777900F026E025DE007C21F2 /* Domain */,
				777900C126E023DF007C21F2 /* TVMazeAppApp.swift */,
				777900C326E023DF007C21F2 /* ContentView.swift */,
				777900C526E023E2007C21F2 /* Assets.xcassets */,
				777900CA26E023E2007C21F2 /* Info.plist */,
				777900C726E023E2007C21F2 /* Preview Content */,
			);
			path = TVMazeApp;
			sourceTree = "<group>";
		};
		777900C726E023E2007C21F2 /* Preview Content */ = {
			isa = PBXGroup;
			children = (
				777900C826E023E2007C21F2 /* Preview Assets.xcassets */,
			);
			path = "Preview Content";
			sourceTree = "<group>";
		};
		777900D226E023E2007C21F2 /* TVMazeAppTests */ = {
			isa = PBXGroup;
			children = (
				777900EC26E025B6007C21F2 /* Domain */,
				777900D326E023E2007C21F2 /* TVMazeAppTests.swift */,
				777900D526E023E2007C21F2 /* Info.plist */,
			);
			path = TVMazeAppTests;
			sourceTree = "<group>";
		};
		777900DD26E023E2007C21F2 /* TVMazeAppUITests */ = {
			isa = PBXGroup;
			children = (
				777900DE26E023E2007C21F2 /* TVMazeAppUITests.swift */,
				777900E026E023E2007C21F2 /* Info.plist */,
			);
			path = TVMazeAppUITests;
			sourceTree = "<group>";
		};
		777900EC26E025B6007C21F2 /* Domain */ = {
			isa = PBXGroup;
			children = (
				777900ED26E025C3007C21F2 /* Model */,
			);
			path = Domain;
			sourceTree = "<group>";
		};
		777900ED26E025C3007C21F2 /* Model */ = {
			isa = PBXGroup;
			children = (
				777900EE26E025D6007C21F2 /* ModelTests.swift */,
			);
			path = Model;
			sourceTree = "<group>";
		};
		777900F026E025DE007C21F2 /* Domain */ = {
			isa = PBXGroup;
			children = (
				777900F126E025E5007C21F2 /* Model */,
			);
			path = Domain;
			sourceTree = "<group>";
		};
		777900F126E025E5007C21F2 /* Model */ = {
			isa = PBXGroup;
			children = (
				777900F226E025F1007C21F2 /* Model.swift */,
			);
			path = Model;
			sourceTree = "<group>";
		};
/* End PBXGroup section */

/* Begin PBXNativeTarget section */
		777900BD26E023DF007C21F2 /* TVMazeApp */ = {
			isa = PBXNativeTarget;
			buildConfigurationList = 777900E326E023E2007C21F2 /* Build configuration list for PBXNativeTarget "TVMazeApp" */;
			buildPhases = (
				777900BA26E023DF007C21F2 /* Sources */,
				777900BB26E023DF007C21F2 /* Frameworks */,
				777900BC26E023DF007C21F2 /* Resources */,
			);
			buildRules = (
			);
			dependencies = (
			);
			name = TVMazeApp;
			productName = TVMazeApp;
			productReference = 777900BE26E023DF007C21F2 /* TVMazeApp.app */;
			productType = "com.apple.product-type.application";
		};
		777900CE26E023E2007C21F2 /* TVMazeAppTests */ = {
			isa = PBXNativeTarget;
			buildConfigurationList = 777900E626E023E2007C21F2 /* Build configuration list for PBXNativeTarget "TVMazeAppTests" */;
			buildPhases = (
				777900CB26E023E2007C21F2 /* Sources */,
				777900CC26E023E2007C21F2 /* Frameworks */,
				777900CD26E023E2007C21F2 /* Resources */,
			);
			buildRules = (
			);
			dependencies = (
				777900D126E023E2007C21F2 /* PBXTargetDependency */,
			);
			name = TVMazeAppTests;
			productName = TVMazeAppTests;
			productReference = 777900CF26E023E2007C21F2 /* TVMazeAppTests.xctest */;
			productType = "com.apple.product-type.bundle.unit-test";
		};
		777900D926E023E2007C21F2 /* TVMazeAppUITests */ = {
			isa = PBXNativeTarget;
			buildConfigurationList = 777900E926E023E2007C21F2 /* Build configuration list for PBXNativeTarget "TVMazeAppUITests" */;
			buildPhases = (
				777900D626E023E2007C21F2 /* Sources */,
				777900D726E023E2007C21F2 /* Frameworks */,
				777900D826E023E2007C21F2 /* Resources */,
			);
			buildRules = (
			);
			dependencies = (
				777900DC26E023E2007C21F2 /* PBXTargetDependency */,
			);
			name = TVMazeAppUITests;
			productName = TVMazeAppUITests;
			productReference = 777900DA26E023E2007C21F2 /* TVMazeAppUITests.xctest */;
			productType = "com.apple.product-type.bundle.ui-testing";
		};
/* End PBXNativeTarget section */

/* Begin PBXProject section */
		777900B626E023DF007C21F2 /* Project object */ = {
			isa = PBXProject;
			attributes = {
				LastSwiftUpdateCheck = 1250;
				LastUpgradeCheck = 1250;
				TargetAttributes = {
					777900BD26E023DF007C21F2 = {
						CreatedOnToolsVersion = 12.5;
					};
					777900CE26E023E2007C21F2 = {
						CreatedOnToolsVersion = 12.5;
						TestTargetID = 777900BD26E023DF007C21F2;
					};
					777900D926E023E2007C21F2 = {
						CreatedOnToolsVersion = 12.5;
						TestTargetID = 777900BD26E023DF007C21F2;
					};
				};
			};
			buildConfigurationList = 777900B926E023DF007C21F2 /* Build configuration list for PBXProject "TVMazeApp" */;
			compatibilityVersion = "Xcode 9.3";
			developmentRegion = en;
			hasScannedForEncodings = 0;
			knownRegions = (
				en,
				Base,
			);
			mainGroup = 777900B526E023DF007C21F2;
			productRefGroup = 777900BF26E023DF007C21F2 /* Products */;
			projectDirPath = "";
			projectRoot = "";
			targets = (
				777900BD26E023DF007C21F2 /* TVMazeApp */,
				777900CE26E023E2007C21F2 /* TVMazeAppTests */,
				777900D926E023E2007C21F2 /* TVMazeAppUITests */,
			);
		};
/* End PBXProject section */

/* Begin PBXResourcesBuildPhase section */
		777900BC26E023DF007C21F2 /* Resources */ = {
			isa = PBXResourcesBuildPhase;
			buildActionMask = 2147483647;
			files = (
				777900C926E023E2007C21F2 /* Preview Assets.xcassets in Resources */,
				777900C626E023E2007C21F2 /* Assets.xcassets in Resources */,
			);
			runOnlyForDeploymentPostprocessing = 0;
		};
		777900CD26E023E2007C21F2 /* Resources */ = {
			isa = PBXResourcesBuildPhase;
			buildActionMask = 2147483647;
			files = (
			);
			runOnlyForDeploymentPostprocessing = 0;
		};
		777900D826E023E2007C21F2 /* Resources */ = {
			isa = PBXResourcesBuildPhase;
			buildActionMask = 2147483647;
			files = (
			);
			runOnlyForDeploymentPostprocessing = 0;
		};
/* End PBXResourcesBuildPhase section */

/* Begin PBXSourcesBuildPhase section */
		777900BA26E023DF007C21F2 /* Sources */ = {
			isa = PBXSourcesBuildPhase;
			buildActionMask = 2147483647;
			files = (
				777900F326E025F1007C21F2 /* Model.swift in Sources */,
				777900C426E023DF007C21F2 /* ContentView.swift in Sources */,
				777900C226E023DF007C21F2 /* TVMazeAppApp.swift in Sources */,
			);
			runOnlyForDeploymentPostprocessing = 0;
		};
		777900CB26E023E2007C21F2 /* Sources */ = {
			isa = PBXSourcesBuildPhase;
			buildActionMask = 2147483647;
			files = (
				777900D426E023E2007C21F2 /* TVMazeAppTests.swift in Sources */,
				777900EF26E025D6007C21F2 /* ModelTests.swift in Sources */,
			);
			runOnlyForDeploymentPostprocessing = 0;
		};
		777900D626E023E2007C21F2 /* Sources */ = {
			isa = PBXSourcesBuildPhase;
			buildActionMask = 2147483647;
			files = (
				777900DF26E023E2007C21F2 /* TVMazeAppUITests.swift in Sources */,
			);
			runOnlyForDeploymentPostprocessing = 0;
		};
/* End PBXSourcesBuildPhase section */

/* Begin PBXTargetDependency section */
		777900D126E023E2007C21F2 /* PBXTargetDependency */ = {
			isa = PBXTargetDependency;
			target = 777900BD26E023DF007C21F2 /* TVMazeApp */;
			targetProxy = 777900D026E023E2007C21F2 /* PBXContainerItemProxy */;
		};
		777900DC26E023E2007C21F2 /* PBXTargetDependency */ = {
			isa = PBXTargetDependency;
			target = 777900BD26E023DF007C21F2 /* TVMazeApp */;
			targetProxy = 777900DB26E023E2007C21F2 /* PBXContainerItemProxy */;
		};
/* End PBXTargetDependency section */

/* Begin XCBuildConfiguration section */
		777900E126E023E2007C21F2 /* Debug */ = {
			isa = XCBuildConfiguration;
			buildSettings = {
				ALWAYS_SEARCH_USER_PATHS = NO;
				CLANG_ANALYZER_NONNULL = YES;
				CLANG_ANALYZER_NUMBER_OBJECT_CONVERSION = YES_AGGRESSIVE;
				CLANG_CXX_LANGUAGE_STANDARD = "gnu++14";
				CLANG_CXX_LIBRARY = "libc++";
				CLANG_ENABLE_MODULES = YES;
				CLANG_ENABLE_OBJC_ARC = YES;
				CLANG_ENABLE_OBJC_WEAK = YES;
				CLANG_WARN_BLOCK_CAPTURE_AUTORELEASING = YES;
				CLANG_WARN_BOOL_CONVERSION = YES;
				CLANG_WARN_COMMA = YES;
				CLANG_WARN_CONSTANT_CONVERSION = YES;
				CLANG_WARN_DEPRECATED_OBJC_IMPLEMENTATIONS = YES;
				CLANG_WARN_DIRECT_OBJC_ISA_USAGE = YES_ERROR;
				CLANG_WARN_DOCUMENTATION_COMMENTS = YES;
				CLANG_WARN_EMPTY_BODY = YES;
				CLANG_WARN_ENUM_CONVERSION = YES;
				CLANG_WARN_INFINITE_RECURSION = YES;
				CLANG_WARN_INT_CONVERSION = YES;
				CLANG_WARN_NON_LITERAL_NULL_CONVERSION = YES;
				CLANG_WARN_OBJC_IMPLICIT_RETAIN_SELF = YES;
				CLANG_WARN_OBJC_LITERAL_CONVERSION = YES;
				CLANG_WARN_OBJC_ROOT_CLASS = YES_ERROR;
				CLANG_WARN_QUOTED_INCLUDE_IN_FRAMEWORK_HEADER = YES;
				CLANG_WARN_RANGE_LOOP_ANALYSIS = YES;
				CLANG_WARN_STRICT_PROTOTYPES = YES;
				CLANG_WARN_SUSPICIOUS_MOVE = YES;
				CLANG_WARN_UNGUARDED_AVAILABILITY = YES_AGGRESSIVE;
				CLANG_WARN_UNREACHABLE_CODE = YES;
				CLANG_WARN__DUPLICATE_METHOD_MATCH = YES;
				COPY_PHASE_STRIP = NO;
				DEBUG_INFORMATION_FORMAT = dwarf;
				ENABLE_STRICT_OBJC_MSGSEND = YES;
				ENABLE_TESTABILITY = YES;
				GCC_C_LANGUAGE_STANDARD = gnu11;
				GCC_DYNAMIC_NO_PIC = NO;
				GCC_NO_COMMON_BLOCKS = YES;
				GCC_OPTIMIZATION_LEVEL = 0;
				GCC_PREPROCESSOR_DEFINITIONS = (
					"DEBUG=1",
					"$(inherited)",
				);
				GCC_WARN_64_TO_32_BIT_CONVERSION = YES;
				GCC_WARN_ABOUT_RETURN_TYPE = YES_ERROR;
				GCC_WARN_UNDECLARED_SELECTOR = YES;
				GCC_WARN_UNINITIALIZED_AUTOS = YES_AGGRESSIVE;
				GCC_WARN_UNUSED_FUNCTION = YES;
				GCC_WARN_UNUSED_VARIABLE = YES;
				IPHONEOS_DEPLOYMENT_TARGET = 14.5;
				MTL_ENABLE_DEBUG_INFO = INCLUDE_SOURCE;
				MTL_FAST_MATH = YES;
				ONLY_ACTIVE_ARCH = YES;
				SDKROOT = iphoneos;
				SWIFT_ACTIVE_COMPILATION_CONDITIONS = DEBUG;
				SWIFT_OPTIMIZATION_LEVEL = "-Onone";
			};
			name = Debug;
		};
		777900E226E023E2007C21F2 /* Release */ = {
			isa = XCBuildConfiguration;
			buildSettings = {
				ALWAYS_SEARCH_USER_PATHS = NO;
				CLANG_ANALYZER_NONNULL = YES;
				CLANG_ANALYZER_NUMBER_OBJECT_CONVERSION = YES_AGGRESSIVE;
				CLANG_CXX_LANGUAGE_STANDARD = "gnu++14";
				CLANG_CXX_LIBRARY = "libc++";
				CLANG_ENABLE_MODULES = YES;
				CLANG_ENABLE_OBJC_ARC = YES;
				CLANG_ENABLE_OBJC_WEAK = YES;
				CLANG_WARN_BLOCK_CAPTURE_AUTORELEASING = YES;
				CLANG_WARN_BOOL_CONVERSION = YES;
				CLANG_WARN_COMMA = YES;
				CLANG_WARN_CONSTANT_CONVERSION = YES;
				CLANG_WARN_DEPRECATED_OBJC_IMPLEMENTATIONS = YES;
				CLANG_WARN_DIRECT_OBJC_ISA_USAGE = YES_ERROR;
				CLANG_WARN_DOCUMENTATION_COMMENTS = YES;
				CLANG_WARN_EMPTY_BODY = YES;
				CLANG_WARN_ENUM_CONVERSION = YES;
				CLANG_WARN_INFINITE_RECURSION = YES;
				CLANG_WARN_INT_CONVERSION = YES;
				CLANG_WARN_NON_LITERAL_NULL_CONVERSION = YES;
				CLANG_WARN_OBJC_IMPLICIT_RETAIN_SELF = YES;
				CLANG_WARN_OBJC_LITERAL_CONVERSION = YES;
				CLANG_WARN_OBJC_ROOT_CLASS = YES_ERROR;
				CLANG_WARN_QUOTED_INCLUDE_IN_FRAMEWORK_HEADER = YES;
				CLANG_WARN_RANGE_LOOP_ANALYSIS = YES;
				CLANG_WARN_STRICT_PROTOTYPES = YES;
				CLANG_WARN_SUSPICIOUS_MOVE = YES;
				CLANG_WARN_UNGUARDED_AVAILABILITY = YES_AGGRESSIVE;
				CLANG_WARN_UNREACHABLE_CODE = YES;
				CLANG_WARN__DUPLICATE_METHOD_MATCH = YES;
				COPY_PHASE_STRIP = NO;
				DEBUG_INFORMATION_FORMAT = "dwarf-with-dsym";
				ENABLE_NS_ASSERTIONS = NO;
				ENABLE_STRICT_OBJC_MSGSEND = YES;
				GCC_C_LANGUAGE_STANDARD = gnu11;
				GCC_NO_COMMON_BLOCKS = YES;
				GCC_WARN_64_TO_32_BIT_CONVERSION = YES;
				GCC_WARN_ABOUT_RETURN_TYPE = YES_ERROR;
				GCC_WARN_UNDECLARED_SELECTOR = YES;
				GCC_WARN_UNINITIALIZED_AUTOS = YES_AGGRESSIVE;
				GCC_WARN_UNUSED_FUNCTION = YES;
				GCC_WARN_UNUSED_VARIABLE = YES;
				IPHONEOS_DEPLOYMENT_TARGET = 14.5;
				MTL_ENABLE_DEBUG_INFO = NO;
				MTL_FAST_MATH = YES;
				SDKROOT = iphoneos;
				SWIFT_COMPILATION_MODE = wholemodule;
				SWIFT_OPTIMIZATION_LEVEL = "-O";
				VALIDATE_PRODUCT = YES;
			};
			name = Release;
		};
		777900E426E023E2007C21F2 /* Debug */ = {
			isa = XCBuildConfiguration;
			buildSettings = {
				ASSETCATALOG_COMPILER_APPICON_NAME = AppIcon;
				ASSETCATALOG_COMPILER_GLOBAL_ACCENT_COLOR_NAME = AccentColor;
				CODE_SIGN_STYLE = Automatic;
				DEVELOPMENT_ASSET_PATHS = "\"TVMazeApp/Preview Content\"";
				DEVELOPMENT_TEAM = 66KNLMFJQ2;
				ENABLE_PREVIEWS = YES;
				INFOPLIST_FILE = TVMazeApp/Info.plist;
				IPHONEOS_DEPLOYMENT_TARGET = 14.0;
				LD_RUNPATH_SEARCH_PATHS = (
					"$(inherited)",
					"@executable_path/Frameworks",
				);
				PRODUCT_BUNDLE_IDENTIFIER = com.marcosvcbrito.TVMazeApp;
				PRODUCT_NAME = "$(TARGET_NAME)";
				SWIFT_VERSION = 5.0;
				TARGETED_DEVICE_FAMILY = "1,2";
			};
			name = Debug;
		};
		777900E526E023E2007C21F2 /* Release */ = {
			isa = XCBuildConfiguration;
			buildSettings = {
				ASSETCATALOG_COMPILER_APPICON_NAME = AppIcon;
				ASSETCATALOG_COMPILER_GLOBAL_ACCENT_COLOR_NAME = AccentColor;
				CODE_SIGN_STYLE = Automatic;
				DEVELOPMENT_ASSET_PATHS = "\"TVMazeApp/Preview Content\"";
				DEVELOPMENT_TEAM = 66KNLMFJQ2;
				ENABLE_PREVIEWS = YES;
				INFOPLIST_FILE = TVMazeApp/Info.plist;
				IPHONEOS_DEPLOYMENT_TARGET = 14.0;
				LD_RUNPATH_SEARCH_PATHS = (
					"$(inherited)",
					"@executable_path/Frameworks",
				);
				PRODUCT_BUNDLE_IDENTIFIER = com.marcosvcbrito.TVMazeApp;
				PRODUCT_NAME = "$(TARGET_NAME)";
				SWIFT_VERSION = 5.0;
				TARGETED_DEVICE_FAMILY = "1,2";
			};
			name = Release;
		};
		777900E726E023E2007C21F2 /* Debug */ = {
			isa = XCBuildConfiguration;
			buildSettings = {
				ALWAYS_EMBED_SWIFT_STANDARD_LIBRARIES = YES;
				BUNDLE_LOADER = "$(TEST_HOST)";
				CODE_SIGN_STYLE = Automatic;
				DEVELOPMENT_TEAM = 66KNLMFJQ2;
				INFOPLIST_FILE = TVMazeAppTests/Info.plist;
				IPHONEOS_DEPLOYMENT_TARGET = 14.0;
				LD_RUNPATH_SEARCH_PATHS = (
					"$(inherited)",
					"@executable_path/Frameworks",
					"@loader_path/Frameworks",
				);
				PRODUCT_BUNDLE_IDENTIFIER = com.marcosvcbrito.TVMazeAppTests;
				PRODUCT_NAME = "$(TARGET_NAME)";
				SWIFT_VERSION = 5.0;
				TARGETED_DEVICE_FAMILY = "1,2";
				TEST_HOST = "$(BUILT_PRODUCTS_DIR)/TVMazeApp.app/TVMazeApp";
			};
			name = Debug;
		};
		777900E826E023E2007C21F2 /* Release */ = {
			isa = XCBuildConfiguration;
			buildSettings = {
				ALWAYS_EMBED_SWIFT_STANDARD_LIBRARIES = YES;
				BUNDLE_LOADER = "$(TEST_HOST)";
				CODE_SIGN_STYLE = Automatic;
				DEVELOPMENT_TEAM = 66KNLMFJQ2;
				INFOPLIST_FILE = TVMazeAppTests/Info.plist;
				IPHONEOS_DEPLOYMENT_TARGET = 14.0;
				LD_RUNPATH_SEARCH_PATHS = (
					"$(inherited)",
					"@executable_path/Frameworks",
					"@loader_path/Frameworks",
				);
				PRODUCT_BUNDLE_IDENTIFIER = com.marcosvcbrito.TVMazeAppTests;
				PRODUCT_NAME = "$(TARGET_NAME)";
				SWIFT_VERSION = 5.0;
				TARGETED_DEVICE_FAMILY = "1,2";
				TEST_HOST = "$(BUILT_PRODUCTS_DIR)/TVMazeApp.app/TVMazeApp";
			};
			name = Release;
		};
		777900EA26E023E2007C21F2 /* Debug */ = {
			isa = XCBuildConfiguration;
			buildSettings = {
				ALWAYS_EMBED_SWIFT_STANDARD_LIBRARIES = YES;
				CODE_SIGN_STYLE = Automatic;
				DEVELOPMENT_TEAM = 66KNLMFJQ2;
				INFOPLIST_FILE = TVMazeAppUITests/Info.plist;
				LD_RUNPATH_SEARCH_PATHS = (
					"$(inherited)",
					"@executable_path/Frameworks",
					"@loader_path/Frameworks",
				);
				PRODUCT_BUNDLE_IDENTIFIER = com.marcosvcbrito.TVMazeAppUITests;
				PRODUCT_NAME = "$(TARGET_NAME)";
				SWIFT_VERSION = 5.0;
				TARGETED_DEVICE_FAMILY = "1,2";
				TEST_TARGET_NAME = TVMazeApp;
			};
			name = Debug;
		};
		777900EB26E023E2007C21F2 /* Release */ = {
			isa = XCBuildConfiguration;
			buildSettings = {
				ALWAYS_EMBED_SWIFT_STANDARD_LIBRARIES = YES;
				CODE_SIGN_STYLE = Automatic;
				DEVELOPMENT_TEAM = 66KNLMFJQ2;
				INFOPLIST_FILE = TVMazeAppUITests/Info.plist;
				LD_RUNPATH_SEARCH_PATHS = (
					"$(inherited)",
					"@executable_path/Frameworks",
					"@loader_path/Frameworks",
				);
				PRODUCT_BUNDLE_IDENTIFIER = com.marcosvcbrito.TVMazeAppUITests;
				PRODUCT_NAME = "$(TARGET_NAME)";
				SWIFT_VERSION = 5.0;
				TARGETED_DEVICE_FAMILY = "1,2";
				TEST_TARGET_NAME = TVMazeApp;
			};
			name = Release;
		};
/* End XCBuildConfiguration section */

/* Begin XCConfigurationList section */
		777900B926E023DF007C21F2 /* Build configuration list for PBXProject "TVMazeApp" */ = {
			isa = XCConfigurationList;
			buildConfigurations = (
				777900E126E023E2007C21F2 /* Debug */,
				777900E226E023E2007C21F2 /* Release */,
			);
			defaultConfigurationIsVisible = 0;
			defaultConfigurationName = Release;
		};
		777900E326E023E2007C21F2 /* Build configuration list for PBXNativeTarget "TVMazeApp" */ = {
			isa = XCConfigurationList;
			buildConfigurations = (
				777900E426E023E2007C21F2 /* Debug */,
				777900E526E023E2007C21F2 /* Release */,
			);
			defaultConfigurationIsVisible = 0;
			defaultConfigurationName = Release;
		};
		777900E626E023E2007C21F2 /* Build configuration list for PBXNativeTarget "TVMazeAppTests" */ = {
			isa = XCConfigurationList;
			buildConfigurations = (
				777900E726E023E2007C21F2 /* Debug */,
				777900E826E023E2007C21F2 /* Release */,
			);
			defaultConfigurationIsVisible = 0;
			defaultConfigurationName = Release;
		};
		777900E926E023E2007C21F2 /* Build configuration list for PBXNativeTarget "TVMazeAppUITests" */ = {
			isa = XCConfigurationList;
			buildConfigurations = (
				777900EA26E023E2007C21F2 /* Debug */,
				777900EB26E023E2007C21F2 /* Release */,
			);
			defaultConfigurationIsVisible = 0;
			defaultConfigurationName = Release;
		};
/* End XCConfigurationList section */
	};
	rootObject = 777900B626E023DF007C21F2 /* Project object */;
}
